
Microsoft Visual Studio Solution File, Format Version 12.00
# Visual Studio Version 17
VisualStudioVersion = 17.3.32929.385
MinimumVisualStudioVersion = 10.0.40219.1
Project("{9A19103F-16F7-4668-BE54-9A1E7A4F7556}") = "ZentitleOnPremDemo", "ZentitleOnPremDemo.csproj", "{F52FA1A9-1B91-4F70-9922-4C3D1F3E61DF}"
EndProject
Global
	GlobalSection(SolutionConfigurationPlatforms) = preSolution
		Debug|Any CPU = Debug|Any CPU
		Release|Any CPU = Release|Any CPU
	EndGlobalSection
	GlobalSection(ProjectConfigurationPlatforms) = postSolution
		{F52FA1A9-1B91-4F70-9922-4C3D1F3E61DF}.Debug|Any CPU.ActiveCfg = Debug|Any CPU
		{F52FA1A9-1B91-4F70-9922-4C3D1F3E61DF}.Debug|Any CPU.Build.0 = Debug|Any CPU
		{F52FA1A9-1B91-4F70-9922-4C3D1F3E61DF}.Release|Any CPU.ActiveCfg = Release|Any CPU
		{F52FA1A9-1B91-4F70-9922-4C3D1F3E61DF}.Release|Any CPU.Build.0 = Release|Any CPU
	EndGlobalSection
	GlobalSection(SolutionProperties) = preSolution
		HideSolutionNode = FALSE
	EndGlobalSection
	GlobalSection(ExtensibilityGlobals) = postSolution
		SolutionGuid = {0D598DE4-D72D-44B7-913E-F8516C5905EA}
	EndGlobalSection
EndGlobal
